{
  "name": "auth-demo",
  "lockfileVersion": 3,
  "requires": true,
  "packages": {
    "": {
      "name": "auth-demo",
      "hasInstallScript": true,
      "dependencies": {
        "jose": "^6.2.1"
      }
    },
    "node_modules/jose": {
      "version": "6.2.1",
      "resolved": "https://registry.npmjs.org/jose/-/jose-6.2.1.tgz",
      "integrity": "sha512-jUaKr1yrbfaImV7R2TN/b3IcZzsw38/chqMpo2XJ7i2F8AfM/lA4G1goC3JVEwg0H7UldTmSt3P68nt31W7/mw==",
      "license": "MIT",
      "funding": {
        "url": "https://github.com/sponsors/panva"
      }
    }
  }
}
